// !$*UTF8*$!
{
	archiveVersion = 1;
	classes = {
	};
	objectVersion = 46;
	objects = {

/* Begin PBXBuildFile section */
		997530EC1707473D0022A25E /* Event.m in Sources */ = {isa = PBXBuildFile; fileRef = 997530DB1707473D0022A25E /* Event.m */; };
		997530ED1707473D0022A25E /* Event.m in Sources */ = {isa = PBXBuildFile; fileRef = 997530DB1707473D0022A25E /* Event.m */; };
		997530EE1707473D0022A25E /* Reactor-Info.plist in Resources */ = {isa = PBXBuildFile; fileRef = 997530DD1707473D0022A25E /* Reactor-Info.plist */; };
		997530EF1707473D0022A25E /* Reactor-Info.plist in Resources */ = {isa = PBXBuildFile; fileRef = 997530DD1707473D0022A25E /* Reactor-Info.plist */; };
		997530F01707473D0022A25E /* Reactor.m in Sources */ = {isa = PBXBuildFile; fileRef = 997530E01707473D0022A25E /* Reactor.m */; };
		997530F11707473D0022A25E /* Reactor.m in Sources */ = {isa = PBXBuildFile; fileRef = 997530E01707473D0022A25E /* Reactor.m */; };
		997530F21707473D0022A25E /* reactor.plist in Resources */ = {isa = PBXBuildFile; fileRef = 997530E11707473D0022A25E /* reactor.plist */; };
		997530F31707473D0022A25E /* reactor.plist in Resources */ = {isa = PBXBuildFile; fileRef = 997530E11707473D0022A25E /* reactor.plist */; };
		997530F41707473D0022A25E /* users.plist in Resources */ = {isa = PBXBuildFile; fileRef = 997530E21707473D0022A25E /* users.plist */; };
		997530F51707473D0022A25E /* users.plist in Resources */ = {isa = PBXBuildFile; fileRef = 997530E21707473D0022A25E /* users.plist */; };
		997530FA1707473D0022A25E /* LoginEventHandler.m in Sources */ = {isa = PBXBuildFile; fileRef = 997530E91707473D0022A25E /* LoginEventHandler.m */; };
		997530FB1707473D0022A25E /* LoginEventHandler.m in Sources */ = {isa = PBXBuildFile; fileRef = 997530E91707473D0022A25E /* LoginEventHandler.m */; };
		99753102170748410022A25E /* BonjourServer.m in Sources */ = {isa = PBXBuildFile; fileRef = 99753101170748410022A25E /* BonjourServer.m */; };
		99753103170748410022A25E /* BonjourServer.m in Sources */ = {isa = PBXBuildFile; fileRef = 99753101170748410022A25E /* BonjourServer.m */; };
		997531061707485A0022A25E /* GCDAsyncSocket.m in Sources */ = {isa = PBXBuildFile; fileRef = 997531051707485A0022A25E /* GCDAsyncSocket.m */; };
		997531071707485A0022A25E /* GCDAsyncSocket.m in Sources */ = {isa = PBXBuildFile; fileRef = 997531051707485A0022A25E /* GCDAsyncSocket.m */; };
		997531091707486D0022A25E /* MobileCoreServices.framework in Frameworks */ = {isa = PBXBuildFile; fileRef = 997531081707486D0022A25E /* MobileCoreServices.framework */; };
		9975310B1707487D0022A25E /* Security.framework in Frameworks */ = {isa = PBXBuildFile; fileRef = 9975310A1707487D0022A25E /* Security.framework */; };
		9975310D170748860022A25E /* CFNetwork.framework in Frameworks */ = {isa = PBXBuildFile; fileRef = 9975310C170748860022A25E /* CFNetwork.framework */; };
		99753110170749280022A25E /* Message.m in Sources */ = {isa = PBXBuildFile; fileRef = 9975310F170749280022A25E /* Message.m */; };
		99753111170749280022A25E /* Message.m in Sources */ = {isa = PBXBuildFile; fileRef = 9975310F170749280022A25E /* Message.m */; };
		99BD91AC170606BC0032CC51 /* UIKit.framework in Frameworks */ = {isa = PBXBuildFile; fileRef = 99BD91AB170606BC0032CC51 /* UIKit.framework */; };
		99BD91AE170606BC0032CC51 /* Foundation.framework in Frameworks */ = {isa = PBXBuildFile; fileRef = 99BD91AD170606BC0032CC51 /* Foundation.framework */; };
		99BD91B0170606BC0032CC51 /* CoreGraphics.framework in Frameworks */ = {isa = PBXBuildFile; fileRef = 99BD91AF170606BC0032CC51 /* CoreGraphics.framework */; };
		99BD91B6170606BC0032CC51 /* InfoPlist.strings in Resources */ = {isa = PBXBuildFile; fileRef = 99BD91B4170606BC0032CC51 /* InfoPlist.strings */; };
		99BD91B8170606BC0032CC51 /* main.m in Sources */ = {isa = PBXBuildFile; fileRef = 99BD91B7170606BC0032CC51 /* main.m */; };
		99BD91BC170606BC0032CC51 /* AppDelegate.m in Sources */ = {isa = PBXBuildFile; fileRef = 99BD91BB170606BC0032CC51 /* AppDelegate.m */; };
		99BD91BE170606BC0032CC51 /* Default.png in Resources */ = {isa = PBXBuildFile; fileRef = 99BD91BD170606BC0032CC51 /* Default.png */; };
		99BD91C0170606BC0032CC51 /* Default@2x.png in Resources */ = {isa = PBXBuildFile; fileRef = 99BD91BF170606BC0032CC51 /* Default@2x.png */; };
		99BD91C2170606BC0032CC51 /* Default-568h@2x.png in Resources */ = {isa = PBXBuildFile; fileRef = 99BD91C1170606BC0032CC51 /* Default-568h@2x.png */; };
		99BD91C5170606BC0032CC51 /* MainStoryboard.storyboard in Resources */ = {isa = PBXBuildFile; fileRef = 99BD91C3170606BC0032CC51 /* MainStoryboard.storyboard */; };
		99BD91C8170606BC0032CC51 /* MasterViewController.m in Sources */ = {isa = PBXBuildFile; fileRef = 99BD91C7170606BC0032CC51 /* MasterViewController.m */; };
		99BD91CB170606BC0032CC51 /* DetailViewController.m in Sources */ = {isa = PBXBuildFile; fileRef = 99BD91CA170606BC0032CC51 /* DetailViewController.m */; };
		99BD91D3170606BC0032CC51 /* SenTestingKit.framework in Frameworks */ = {isa = PBXBuildFile; fileRef = 99BD91D2170606BC0032CC51 /* SenTestingKit.framework */; };
		99BD91D4170606BC0032CC51 /* UIKit.framework in Frameworks */ = {isa = PBXBuildFile; fileRef = 99BD91AB170606BC0032CC51 /* UIKit.framework */; };
		99BD91D5170606BC0032CC51 /* Foundation.framework in Frameworks */ = {isa = PBXBuildFile; fileRef = 99BD91AD170606BC0032CC51 /* Foundation.framework */; };
		99FF8FFC1711EC7100462D44 /* LoginViewController.m in Sources */ = {isa = PBXBuildFile; fileRef = 99FF8FFB1711EC7100462D44 /* LoginViewController.m */; };
		99FF8FFF1711F91300462D44 /* LogoutEventHandler.m in Sources */ = {isa = PBXBuildFile; fileRef = 99FF8FFE1711F91300462D44 /* LogoutEventHandler.m */; };
		99FF90021711FDE100462D44 /* TextEventHandler.m in Sources */ = {isa = PBXBuildFile; fileRef = 99FF90011711FDE100462D44 /* TextEventHandler.m */; };
		99FF90051712177700462D44 /* ChatImage.m in Sources */ = {isa = PBXBuildFile; fileRef = 99FF90031712177700462D44 /* ChatImage.m */; };
		99FF90061712177700462D44 /* ChatImage.m in Sources */ = {isa = PBXBuildFile; fileRef = 99FF90031712177700462D44 /* ChatImage.m */; };
		99FF90081712189600462D44 /* CustomCell.xib in Resources */ = {isa = PBXBuildFile; fileRef = 99FF90071712189600462D44 /* CustomCell.xib */; };
		99FF90091712189600462D44 /* CustomCell.xib in Resources */ = {isa = PBXBuildFile; fileRef = 99FF90071712189600462D44 /* CustomCell.xib */; };
		99FF900C1712190400462D44 /* CustomCell.m in Sources */ = {isa = PBXBuildFile; fileRef = 99FF900B1712190300462D44 /* CustomCell.m */; };
		99FF900D1712190400462D44 /* CustomCell.m in Sources */ = {isa = PBXBuildFile; fileRef = 99FF900B1712190300462D44 /* CustomCell.m */; };
		99FF901017121E7400462D44 /* NSAdditions.m in Sources */ = {isa = PBXBuildFile; fileRef = 99FF900F17121E7400462D44 /* NSAdditions.m */; };
		99FF901117121E7400462D44 /* NSAdditions.m in Sources */ = {isa = PBXBuildFile; fileRef = 99FF900F17121E7400462D44 /* NSAdditions.m */; };
/* End PBXBuildFile section */

/* Begin PBXContainerItemProxy section */
		99BD91D6170606BC0032CC51 /* PBXContainerItemProxy */ = {
			isa = PBXContainerItemProxy;
			containerPortal = 99BD91A0170606BC0032CC51 /* Project object */;
			proxyType = 1;
			remoteGlobalIDString = 99BD91A7170606BC0032CC51;
			remoteInfo = COMP2601iPhoneAssignment3;
		};
/* End PBXContainerItemProxy section */

/* Begin PBXFileReference section */
		995177071710F1AA00F97DA5 /* ServerProtocol.h */ = {isa = PBXFileReference; fileEncoding = 4; lastKnownFileType = sourcecode.c.h; path = ServerProtocol.h; sourceTree = "<group>"; };
		997530DA1707473D0022A25E /* Event.h */ = {isa = PBXFileReference; fileEncoding = 4; lastKnownFileType = sourcecode.c.h; name = Event.h; path = COMP2601iPhoneAssignment3/Event.h; sourceTree = "<group>"; };
		997530DB1707473D0022A25E /* Event.m */ = {isa = PBXFileReference; fileEncoding = 4; lastKnownFileType = sourcecode.c.objc; name = Event.m; path = COMP2601iPhoneAssignment3/Event.m; sourceTree = "<group>"; };
		997530DC1707473D0022A25E /* EventHandlerProtocol.h */ = {isa = PBXFileReference; fileEncoding = 4; lastKnownFileType = sourcecode.c.h; name = EventHandlerProtocol.h; path = COMP2601iPhoneAssignment3/EventHandlerProtocol.h; sourceTree = "<group>"; };
		997530DD1707473D0022A25E /* Reactor-Info.plist */ = {isa = PBXFileReference; fileEncoding = 4; lastKnownFileType = text.plist.xml; name = "Reactor-Info.plist"; path = "COMP2601iPhoneAssignment3/Reactor-Info.plist"; sourceTree = "<group>"; };
		997530DE1707473D0022A25E /* Reactor-Prefix.pch */ = {isa = PBXFileReference; fileEncoding = 4; lastKnownFileType = sourcecode.c.h; name = "Reactor-Prefix.pch"; path = "COMP2601iPhoneAssignment3/Reactor-Prefix.pch"; sourceTree = "<group>"; };
		997530DF1707473D0022A25E /* Reactor.h */ = {isa = PBXFileReference; fileEncoding = 4; lastKnownFileType = sourcecode.c.h; name = Reactor.h; path = COMP2601iPhoneAssignment3/Reactor.h; sourceTree = "<group>"; };
		997530E01707473D0022A25E /* Reactor.m */ = {isa = PBXFileReference; fileEncoding = 4; lastKnownFileType = sourcecode.c.objc; name = Reactor.m; path = COMP2601iPhoneAssignment3/Reactor.m; sourceTree = "<group>"; };
		997530E11707473D0022A25E /* reactor.plist */ = {isa = PBXFileReference; fileEncoding = 4; lastKnownFileType = text.plist.xml; name = reactor.plist; path = COMP2601iPhoneAssignment3/reactor.plist; sourceTree = "<group>"; };
		997530E21707473D0022A25E /* users.plist */ = {isa = PBXFileReference; fileEncoding = 4; lastKnownFileType = text.plist.xml; name = users.plist; path = COMP2601iPhoneAssignment3/users.plist; sourceTree = "<group>"; };
		997530E31707473D0022A25E /* ReactorProtocol.h */ = {isa = PBXFileReference; fileEncoding = 4; lastKnownFileType = sourcecode.c.h; name = ReactorProtocol.h; path = COMP2601iPhoneAssignment3/ReactorProtocol.h; sourceTree = "<group>"; };
		997530E81707473D0022A25E /* LoginEventHandler.h */ = {isa = PBXFileReference; fileEncoding = 4; lastKnownFileType = sourcecode.c.h; name = LoginEventHandler.h; path = COMP2601iPhoneAssignment3/LoginEventHandler.h; sourceTree = "<group>"; };
		997530E91707473D0022A25E /* LoginEventHandler.m */ = {isa = PBXFileReference; fileEncoding = 4; lastKnownFileType = sourcecode.c.objc; name = LoginEventHandler.m; path = COMP2601iPhoneAssignment3/LoginEventHandler.m; sourceTree = "<group>"; };
		99753100170748410022A25E /* BonjourServer.h */ = {isa = PBXFileReference; fileEncoding = 4; lastKnownFileType = sourcecode.c.h; path = BonjourServer.h; sourceTree = "<group>"; };
		99753101170748410022A25E /* BonjourServer.m */ = {isa = PBXFileReference; fileEncoding = 4; lastKnownFileType = sourcecode.c.objc; path = BonjourServer.m; sourceTree = "<group>"; };
		997531041707485A0022A25E /* GCDAsyncSocket.h */ = {isa = PBXFileReference; fileEncoding = 4; lastKnownFileType = sourcecode.c.h; path = GCDAsyncSocket.h; sourceTree = "<group>"; };
		997531051707485A0022A25E /* GCDAsyncSocket.m */ = {isa = PBXFileReference; fileEncoding = 4; lastKnownFileType = sourcecode.c.objc; path = GCDAsyncSocket.m; sourceTree = "<group>"; };
		997531081707486D0022A25E /* MobileCoreServices.framework */ = {isa = PBXFileReference; lastKnownFileType = wrapper.framework; name = MobileCoreServices.framework; path = System/Library/Frameworks/MobileCoreServices.framework; sourceTree = SDKROOT; };
		9975310A1707487D0022A25E /* Security.framework */ = {isa = PBXFileReference; lastKnownFileType = wrapper.framework; name = Security.framework; path = System/Library/Frameworks/Security.framework; sourceTree = SDKROOT; };
		9975310C170748860022A25E /* CFNetwork.framework */ = {isa = PBXFileReference; lastKnownFileType = wrapper.framework; name = CFNetwork.framework; path = System/Library/Frameworks/CFNetwork.framework; sourceTree = SDKROOT; };
		9975310E170749280022A25E /* Message.h */ = {isa = PBXFileReference; fileEncoding = 4; lastKnownFileType = sourcecode.c.h; path = Message.h; sourceTree = "<group>"; };
		9975310F170749280022A25E /* Message.m */ = {isa = PBXFileReference; fileEncoding = 4; lastKnownFileType = sourcecode.c.objc; path = Message.m; sourceTree = "<group>"; };
		99BD91A8170606BC0032CC51 /* COMP2601iPhoneAssignment3.app */ = {isa = PBXFileReference; explicitFileType = wrapper.application; includeInIndex = 0; path = COMP2601iPhoneAssignment3.app; sourceTree = BUILT_PRODUCTS_DIR; };
		99BD91AB170606BC0032CC51 /* UIKit.framework */ = {isa = PBXFileReference; lastKnownFileType = wrapper.framework; name = UIKit.framework; path = System/Library/Frameworks/UIKit.framework; sourceTree = SDKROOT; };
		99BD91AD170606BC0032CC51 /* Foundation.framework */ = {isa = PBXFileReference; lastKnownFileType = wrapper.framework; name = Foundation.framework; path = System/Library/Frameworks/Foundation.framework; sourceTree = SDKROOT; };
		99BD91AF170606BC0032CC51 /* CoreGraphics.framework */ = {isa = PBXFileReference; lastKnownFileType = wrapper.framework; name = CoreGraphics.framework; path = System/Library/Frameworks/CoreGraphics.framework; sourceTree = SDKROOT; };
		99BD91B3170606BC0032CC51 /* COMP2601iPhoneAssignment3-Info.plist */ = {isa = PBXFileReference; lastKnownFileType = text.plist.xml; path = "COMP2601iPhoneAssignment3-Info.plist"; sourceTree = "<group>"; };
		99BD91B5170606BC0032CC51 /* en */ = {isa = PBXFileReference; lastKnownFileType = text.plist.strings; name = en; path = en.lproj/InfoPlist.strings; sourceTree = "<group>"; };
		99BD91B7170606BC0032CC51 /* main.m */ = {isa = PBXFileReference; lastKnownFileType = sourcecode.c.objc; path = main.m; sourceTree = "<group>"; };
		99BD91B9170606BC0032CC51 /* COMP2601iPhoneAssignment3-Prefix.pch */ = {isa = PBXFileReference; lastKnownFileType = sourcecode.c.h; path = "COMP2601iPhoneAssignment3-Prefix.pch"; sourceTree = "<group>"; };
		99BD91BA170606BC0032CC51 /* AppDelegate.h */ = {isa = PBXFileReference; lastKnownFileType = sourcecode.c.h; path = AppDelegate.h; sourceTree = "<group>"; };
		99BD91BB170606BC0032CC51 /* AppDelegate.m */ = {isa = PBXFileReference; lastKnownFileType = sourcecode.c.objc; path = AppDelegate.m; sourceTree = "<group>"; };
		99BD91BD170606BC0032CC51 /* Default.png */ = {isa = PBXFileReference; lastKnownFileType = image.png; path = Default.png; sourceTree = "<group>"; };
		99BD91BF170606BC0032CC51 /* Default@2x.png */ = {isa = PBXFileReference; lastKnownFileType = image.png; path = "Default@2x.png"; sourceTree = "<group>"; };
		99BD91C1170606BC0032CC51 /* Default-568h@2x.png */ = {isa = PBXFileReference; lastKnownFileType = image.png; path = "Default-568h@2x.png"; sourceTree = "<group>"; };
		99BD91C4170606BC0032CC51 /* en */ = {isa = PBXFileReference; lastKnownFileType = file.storyboard; name = en; path = en.lproj/MainStoryboard.storyboard; sourceTree = "<group>"; };
		99BD91C6170606BC0032CC51 /* MasterViewController.h */ = {isa = PBXFileReference; lastKnownFileType = sourcecode.c.h; path = MasterViewController.h; sourceTree = "<group>"; };
		99BD91C7170606BC0032CC51 /* MasterViewController.m */ = {isa = PBXFileReference; lastKnownFileType = sourcecode.c.objc; path = MasterViewController.m; sourceTree = "<group>"; };
		99BD91C9170606BC0032CC51 /* DetailViewController.h */ = {isa = PBXFileReference; lastKnownFileType = sourcecode.c.h; path = DetailViewController.h; sourceTree = "<group>"; };
		99BD91CA170606BC0032CC51 /* DetailViewController.m */ = {isa = PBXFileReference; lastKnownFileType = sourcecode.c.objc; path = DetailViewController.m; sourceTree = "<group>"; };
		99BD91D1170606BC0032CC51 /* COMP2601iPhoneAssignment3Tests.octest */ = {isa = PBXFileReference; explicitFileType = wrapper.cfbundle; includeInIndex = 0; path = COMP2601iPhoneAssignment3Tests.octest; sourceTree = BUILT_PRODUCTS_DIR; };
		99BD91D2170606BC0032CC51 /* SenTestingKit.framework */ = {isa = PBXFileReference; lastKnownFileType = wrapper.framework; name = SenTestingKit.framework; path = Library/Frameworks/SenTestingKit.framework; sourceTree = DEVELOPER_DIR; };
		99FF8FFA1711EC7100462D44 /* LoginViewController.h */ = {isa = PBXFileReference; fileEncoding = 4; lastKnownFileType = sourcecode.c.h; path = LoginViewController.h; sourceTree = "<group>"; };
		99FF8FFB1711EC7100462D44 /* LoginViewController.m */ = {isa = PBXFileReference; fileEncoding = 4; lastKnownFileType = sourcecode.c.objc; path = LoginViewController.m; sourceTree = "<group>"; };
		99FF8FFD1711F91300462D44 /* LogoutEventHandler.h */ = {isa = PBXFileReference; fileEncoding = 4; lastKnownFileType = sourcecode.c.h; path = LogoutEventHandler.h; sourceTree = "<group>"; };
		99FF8FFE1711F91300462D44 /* LogoutEventHandler.m */ = {isa = PBXFileReference; fileEncoding = 4; lastKnownFileType = sourcecode.c.objc; path = LogoutEventHandler.m; sourceTree = "<group>"; };
		99FF90001711FDE100462D44 /* TextEventHandler.h */ = {isa = PBXFileReference; fileEncoding = 4; lastKnownFileType = sourcecode.c.h; path = TextEventHandler.h; sourceTree = "<group>"; };
		99FF90011711FDE100462D44 /* TextEventHandler.m */ = {isa = PBXFileReference; fileEncoding = 4; lastKnownFileType = sourcecode.c.objc; path = TextEventHandler.m; sourceTree = "<group>"; };
		99FF90031712177700462D44 /* ChatImage.m */ = {isa = PBXFileReference; fileEncoding = 4; lastKnownFileType = sourcecode.c.objc; path = ChatImage.m; sourceTree = "<group>"; };
		99FF90041712177700462D44 /* ChatImage.h */ = {isa = PBXFileReference; fileEncoding = 4; lastKnownFileType = sourcecode.c.h; path = ChatImage.h; sourceTree = "<group>"; };
		99FF90071712189600462D44 /* CustomCell.xib */ = {isa = PBXFileReference; fileEncoding = 4; lastKnownFileType = file.xib; path = CustomCell.xib; sourceTree = "<group>"; };
		99FF900A1712190300462D44 /* CustomCell.h */ = {isa = PBXFileReference; fileEncoding = 4; lastKnownFileType = sourcecode.c.h; path = CustomCell.h; sourceTree = "<group>"; };
		99FF900B1712190300462D44 /* CustomCell.m */ = {isa = PBXFileReference; fileEncoding = 4; lastKnownFileType = sourcecode.c.objc; path = CustomCell.m; sourceTree = "<group>"; };
		99FF900E17121E7400462D44 /* NSAdditions.h */ = {isa = PBXFileReference; fileEncoding = 4; lastKnownFileType = sourcecode.c.h; path = NSAdditions.h; sourceTree = "<group>"; };
		99FF900F17121E7400462D44 /* NSAdditions.m */ = {isa = PBXFileReference; fileEncoding = 4; lastKnownFileType = sourcecode.c.objc; path = NSAdditions.m; sourceTree = "<group>"; };
/* End PBXFileReference section */

/* Begin PBXFrameworksBuildPhase section */
		99BD91A5170606BC0032CC51 /* Frameworks */ = {
			isa = PBXFrameworksBuildPhase;
			buildActionMask = 2147483647;
			files = (
				9975310D170748860022A25E /* CFNetwork.framework in Frameworks */,
				9975310B1707487D0022A25E /* Security.framework in Frameworks */,
				997531091707486D0022A25E /* MobileCoreServices.framework in Frameworks */,
				99BD91AC170606BC0032CC51 /* UIKit.framework in Frameworks */,
				99BD91AE170606BC0032CC51 /* Foundation.framework in Frameworks */,
				99BD91B0170606BC0032CC51 /* CoreGraphics.framework in Frameworks */,
			);
			runOnlyForDeploymentPostprocessing = 0;
		};
		99BD91CD170606BC0032CC51 /* Frameworks */ = {
			isa = PBXFrameworksBuildPhase;
			buildActionMask = 2147483647;
			files = (
				99BD91D3170606BC0032CC51 /* SenTestingKit.framework in Frameworks */,
				99BD91D4170606BC0032CC51 /* UIKit.framework in Frameworks */,
				99BD91D5170606BC0032CC51 /* Foundation.framework in Frameworks */,
			);
			runOnlyForDeploymentPostprocessing = 0;
		};
/* End PBXFrameworksBuildPhase section */

/* Begin PBXGroup section */
		997530FE170747530022A25E /* Reactor */ = {
			isa = PBXGroup;
			children = (
				995177071710F1AA00F97DA5 /* ServerProtocol.h */,
				997530DA1707473D0022A25E /* Event.h */,
				997530DB1707473D0022A25E /* Event.m */,
				997530DC1707473D0022A25E /* EventHandlerProtocol.h */,
				997530DD1707473D0022A25E /* Reactor-Info.plist */,
				997530DE1707473D0022A25E /* Reactor-Prefix.pch */,
				997530DF1707473D0022A25E /* Reactor.h */,
				997530E01707473D0022A25E /* Reactor.m */,
				997530E11707473D0022A25E /* reactor.plist */,
				997530E21707473D0022A25E /* users.plist */,
				997530E31707473D0022A25E /* ReactorProtocol.h */,
				997530E81707473D0022A25E /* LoginEventHandler.h */,
				997530E91707473D0022A25E /* LoginEventHandler.m */,
				99FF8FFD1711F91300462D44 /* LogoutEventHandler.h */,
				99FF8FFE1711F91300462D44 /* LogoutEventHandler.m */,
				99FF90001711FDE100462D44 /* TextEventHandler.h */,
				99FF90011711FDE100462D44 /* TextEventHandler.m */,
			);
			name = Reactor;
			sourceTree = "<group>";
		};
		997530FF170748210022A25E /* Server */ = {
			isa = PBXGroup;
			children = (
				99FF90031712177700462D44 /* ChatImage.m */,
				99FF90041712177700462D44 /* ChatImage.h */,
				997531041707485A0022A25E /* GCDAsyncSocket.h */,
				997531051707485A0022A25E /* GCDAsyncSocket.m */,
				99753100170748410022A25E /* BonjourServer.h */,
				99753101170748410022A25E /* BonjourServer.m */,
				997530FE170747530022A25E /* Reactor */,
			);
			name = Server;
			sourceTree = "<group>";
		};
		99BD919F170606BC0032CC51 = {
			isa = PBXGroup;
			children = (
				9975310C170748860022A25E /* CFNetwork.framework */,
				9975310A1707487D0022A25E /* Security.framework */,
				997531081707486D0022A25E /* MobileCoreServices.framework */,
				99BD91B1170606BC0032CC51 /* UI */,
				997530FF170748210022A25E /* Server */,
				99BD91AA170606BC0032CC51 /* Frameworks */,
				99BD91A9170606BC0032CC51 /* Products */,
			);
			sourceTree = "<group>";
		};
		99BD91A9170606BC0032CC51 /* Products */ = {
			isa = PBXGroup;
			children = (
				99BD91A8170606BC0032CC51 /* COMP2601iPhoneAssignment3.app */,
				99BD91D1170606BC0032CC51 /* COMP2601iPhoneAssignment3Tests.octest */,
			);
			name = Products;
			sourceTree = "<group>";
		};
		99BD91AA170606BC0032CC51 /* Frameworks */ = {
			isa = PBXGroup;
			children = (
				99BD91AB170606BC0032CC51 /* UIKit.framework */,
				99BD91AD170606BC0032CC51 /* Foundation.framework */,
				99BD91AF170606BC0032CC51 /* CoreGraphics.framework */,
				99BD91D2170606BC0032CC51 /* SenTestingKit.framework */,
			);
			name = Frameworks;
			sourceTree = "<group>";
		};
		99BD91B1170606BC0032CC51 /* UI */ = {
			isa = PBXGroup;
			children = (
				9975310E170749280022A25E /* Message.h */,
				9975310F170749280022A25E /* Message.m */,
				99BD91BA170606BC0032CC51 /* AppDelegate.h */,
				99BD91BB170606BC0032CC51 /* AppDelegate.m */,
				99BD91C3170606BC0032CC51 /* MainStoryboard.storyboard */,
				99BD91C6170606BC0032CC51 /* MasterViewController.h */,
				99BD91C7170606BC0032CC51 /* MasterViewController.m */,
				99BD91C9170606BC0032CC51 /* DetailViewController.h */,
				99BD91CA170606BC0032CC51 /* DetailViewController.m */,
				99FF90071712189600462D44 /* CustomCell.xib */,
				99FF900A1712190300462D44 /* CustomCell.h */,
				99FF900B1712190300462D44 /* CustomCell.m */,
				99FF8FFA1711EC7100462D44 /* LoginViewController.h */,
				99FF8FFB1711EC7100462D44 /* LoginViewController.m */,
				99BD91B2170606BC0032CC51 /* Supporting Files */,
			);
			name = UI;
			path = COMP2601iPhoneAssignment3;
			sourceTree = "<group>";
		};
		99BD91B2170606BC0032CC51 /* Supporting Files */ = {
			isa = PBXGroup;
			children = (
				99FF900E17121E7400462D44 /* NSAdditions.h */,
				99FF900F17121E7400462D44 /* NSAdditions.m */,
				99BD91B3170606BC0032CC51 /* COMP2601iPhoneAssignment3-Info.plist */,
				99BD91B4170606BC0032CC51 /* InfoPlist.strings */,
				99BD91B7170606BC0032CC51 /* main.m */,
				99BD91B9170606BC0032CC51 /* COMP2601iPhoneAssignment3-Prefix.pch */,
				99BD91BD170606BC0032CC51 /* Default.png */,
				99BD91BF170606BC0032CC51 /* Default@2x.png */,
				99BD91C1170606BC0032CC51 /* Default-568h@2x.png */,
			);
			name = "Supporting Files";
			sourceTree = "<group>";
		};
/* End PBXGroup section */

/* Begin PBXNativeTarget section */
		99BD91A7170606BC0032CC51 /* COMP2601iPhoneAssignment3 */ = {
			isa = PBXNativeTarget;
			buildConfigurationList = 99BD91E3170606BC0032CC51 /* Build configuration list for PBXNativeTarget "COMP2601iPhoneAssignment3" */;
			buildPhases = (
				99BD91A4170606BC0032CC51 /* Sources */,
				99BD91A5170606BC0032CC51 /* Frameworks */,
				99BD91A6170606BC0032CC51 /* Resources */,
			);
			buildRules = (
			);
			dependencies = (
			);
			name = COMP2601iPhoneAssignment3;
			productName = COMP2601iPhoneAssignment3;
			productReference = 99BD91A8170606BC0032CC51 /* COMP2601iPhoneAssignment3.app */;
			productType = "com.apple.product-type.application";
		};
		99BD91D0170606BC0032CC51 /* COMP2601iPhoneAssignment3Tests */ = {
			isa = PBXNativeTarget;
			buildConfigurationList = 99BD91E6170606BC0032CC51 /* Build configuration list for PBXNativeTarget "COMP2601iPhoneAssignment3Tests" */;
			buildPhases = (
				99BD91CC170606BC0032CC51 /* Sources */,
				99BD91CD170606BC0032CC51 /* Frameworks */,
				99BD91CE170606BC0032CC51 /* Resources */,
				99BD91CF170606BC0032CC51 /* ShellScript */,
			);
			buildRules = (
			);
			dependencies = (
				99BD91D7170606BC0032CC51 /* PBXTargetDependency */,
			);
			name = COMP2601iPhoneAssignment3Tests;
			productName = COMP2601iPhoneAssignment3Tests;
			productReference = 99BD91D1170606BC0032CC51 /* COMP2601iPhoneAssignment3Tests.octest */;
			productType = "com.apple.product-type.bundle";
		};
/* End PBXNativeTarget section */

/* Begin PBXProject section */
		99BD91A0170606BC0032CC51 /* Project object */ = {
			isa = PBXProject;
			attributes = {
				LastUpgradeCheck = 0460;
				ORGANIZATIONNAME = Carleton;
			};
			buildConfigurationList = 99BD91A3170606BC0032CC51 /* Build configuration list for PBXProject "COMP2601iPhoneAssignment3" */;
			compatibilityVersion = "Xcode 3.2";
			developmentRegion = English;
			hasScannedForEncodings = 0;
			knownRegions = (
				en,
			);
			mainGroup = 99BD919F170606BC0032CC51;
			productRefGroup = 99BD91A9170606BC0032CC51 /* Products */;
			projectDirPath = "";
			projectRoot = "";
			targets = (
				99BD91A7170606BC0032CC51 /* COMP2601iPhoneAssignment3 */,
				99BD91D0170606BC0032CC51 /* COMP2601iPhoneAssignment3Tests */,
			);
		};
/* End PBXProject section */

/* Begin PBXResourcesBuildPhase section */
		99BD91A6170606BC0032CC51 /* Resources */ = {
			isa = PBXResourcesBuildPhase;
			buildActionMask = 2147483647;
			files = (
				99BD91B6170606BC0032CC51 /* InfoPlist.strings in Resources */,
				99BD91BE170606BC0032CC51 /* Default.png in Resources */,
				99BD91C0170606BC0032CC51 /* Default@2x.png in Resources */,
				99BD91C2170606BC0032CC51 /* Default-568h@2x.png in Resources */,
				99BD91C5170606BC0032CC51 /* MainStoryboard.storyboard in Resources */,
				997530EE1707473D0022A25E /* Reactor-Info.plist in Resources */,
				997530F21707473D0022A25E /* reactor.plist in Resources */,
				997530F41707473D0022A25E /* users.plist in Resources */,
				99FF90081712189600462D44 /* CustomCell.xib in Resources */,
			);
			runOnlyForDeploymentPostprocessing = 0;
		};
		99BD91CE170606BC0032CC51 /* Resources */ = {
			isa = PBXResourcesBuildPhase;
			buildActionMask = 2147483647;
			files = (
				997530EF1707473D0022A25E /* Reactor-Info.plist in Resources */,
				997530F31707473D0022A25E /* reactor.plist in Resources */,
				997530F51707473D0022A25E /* users.plist in Resources */,
				99FF90091712189600462D44 /* CustomCell.xib in Resources */,
			);
			runOnlyForDeploymentPostprocessing = 0;
		};
/* End PBXResourcesBuildPhase section */

/* Begin PBXShellScriptBuildPhase section */
		99BD91CF170606BC0032CC51 /* ShellScript */ = {
			isa = PBXShellScriptBuildPhase;
			buildActionMask = 2147483647;
			files = (
			);
			inputPaths = (
			);
			outputPaths = (
			);
			runOnlyForDeploymentPostprocessing = 0;
			shellPath = /bin/sh;
			shellScript = "# Run the unit tests in this test bundle.\n\"${SYSTEM_DEVELOPER_DIR}/Tools/RunUnitTests\"\n";
		};
/* End PBXShellScriptBuildPhase section */

/* Begin PBXSourcesBuildPhase section */
		99BD91A4170606BC0032CC51 /* Sources */ = {
			isa = PBXSourcesBuildPhase;
			buildActionMask = 2147483647;
			files = (
				99BD91B8170606BC0032CC51 /* main.m in Sources */,
				99BD91BC170606BC0032CC51 /* AppDelegate.m in Sources */,
				99BD91C8170606BC0032CC51 /* MasterViewController.m in Sources */,
				99BD91CB170606BC0032CC51 /* DetailViewController.m in Sources */,
				997530EC1707473D0022A25E /* Event.m in Sources */,
				997530F01707473D0022A25E /* Reactor.m in Sources */,
				997530FA1707473D0022A25E /* LoginEventHandler.m in Sources */,
				99753102170748410022A25E /* BonjourServer.m in Sources */,
				997531061707485A0022A25E /* GCDAsyncSocket.m in Sources */,
				99753110170749280022A25E /* Message.m in Sources */,
				99FF8FFC1711EC7100462D44 /* LoginViewController.m in Sources */,
				99FF8FFF1711F91300462D44 /* LogoutEventHandler.m in Sources */,
				99FF90021711FDE100462D44 /* TextEventHandler.m in Sources */,
				99FF90051712177700462D44 /* ChatImage.m in Sources */,
				99FF900C1712190400462D44 /* CustomCell.m in Sources */,
				99FF901017121E7400462D44 /* NSAdditions.m in Sources */,
			);
			runOnlyForDeploymentPostprocessing = 0;
		};
		99BD91CC170606BC0032CC51 /* Sources */ = {
			isa = PBXSourcesBuildPhase;
			buildActionMask = 2147483647;
			files = (
				997530ED1707473D0022A25E /* Event.m in Sources */,
				997530F11707473D0022A25E /* Reactor.m in Sources */,
				997530FB1707473D0022A25E /* LoginEventHandler.m in Sources */,
				99753103170748410022A25E /* BonjourServer.m in Sources */,
				997531071707485A0022A25E /* GCDAsyncSocket.m in Sources */,
				99753111170749280022A25E /* Message.m in Sources */,
				99FF90061712177700462D44 /* ChatImage.m in Sources */,
				99FF900D1712190400462D44 /* CustomCell.m in Sources */,
				99FF901117121E7400462D44 /* NSAdditions.m in Sources */,
			);
			runOnlyForDeploymentPostprocessing = 0;
		};
/* End PBXSourcesBuildPhase section */

/* Begin PBXTargetDependency section */
		99BD91D7170606BC0032CC51 /* PBXTargetDependency */ = {
			isa = PBXTargetDependency;
			target = 99BD91A7170606BC0032CC51 /* COMP2601iPhoneAssignment3 */;
			targetProxy = 99BD91D6170606BC0032CC51 /* PBXContainerItemProxy */;
		};
/* End PBXTargetDependency section */

/* Begin PBXVariantGroup section */
		99BD91B4170606BC0032CC51 /* InfoPlist.strings */ = {
			isa = PBXVariantGroup;
			children = (
				99BD91B5170606BC0032CC51 /* en */,
			);
			name = InfoPlist.strings;
			sourceTree = "<group>";
		};
		99BD91C3170606BC0032CC51 /* MainStoryboard.storyboard */ = {
			isa = PBXVariantGroup;
			children = (
				99BD91C4170606BC0032CC51 /* en */,
			);
			name = MainStoryboard.storyboard;
			sourceTree = "<group>";
		};
/* End PBXVariantGroup section */

/* Begin XCBuildConfiguration section */
		99BD91E1170606BC0032CC51 /* Debug */ = {
			isa = XCBuildConfiguration;
			buildSettings = {
				ALWAYS_SEARCH_USER_PATHS = NO;
				CLANG_CXX_LANGUAGE_STANDARD = "gnu++0x";
				CLANG_CXX_LIBRARY = "libc++";
				CLANG_ENABLE_OBJC_ARC = YES;
				CLANG_WARN_CONSTANT_CONVERSION = YES;
				CLANG_WARN_EMPTY_BODY = YES;
				CLANG_WARN_ENUM_CONVERSION = YES;
				CLANG_WARN_INT_CONVERSION = YES;
				CLANG_WARN__DUPLICATE_METHOD_MATCH = YES;
				"CODE_SIGN_IDENTITY[sdk=iphoneos*]" = "iPhone Developer";
				COPY_PHASE_STRIP = NO;
				GCC_C_LANGUAGE_STANDARD = gnu99;
				GCC_DYNAMIC_NO_PIC = NO;
				GCC_OPTIMIZATION_LEVEL = 0;
				GCC_PREPROCESSOR_DEFINITIONS = (
					"DEBUG=1",
					"$(inherited)",
				);
				GCC_SYMBOLS_PRIVATE_EXTERN = NO;
				GCC_WARN_ABOUT_RETURN_TYPE = YES;
				GCC_WARN_UNINITIALIZED_AUTOS = YES;
				GCC_WARN_UNUSED_VARIABLE = YES;
				IPHONEOS_DEPLOYMENT_TARGET = 6.1;
				ONLY_ACTIVE_ARCH = YES;
				SDKROOT = iphoneos;
			};
			name = Debug;
		};
		99BD91E2170606BC0032CC51 /* Release */ = {
			isa = XCBuildConfiguration;
			buildSettings = {
				ALWAYS_SEARCH_USER_PATHS = NO;
				CLANG_CXX_LANGUAGE_STANDARD = "gnu++0x";
				CLANG_CXX_LIBRARY = "libc++";
				CLANG_ENABLE_OBJC_ARC = YES;
				CLANG_WARN_CONSTANT_CONVERSION = YES;
				CLANG_WARN_EMPTY_BODY = YES;
				CLANG_WARN_ENUM_CONVERSION = YES;
				CLANG_WARN_INT_CONVERSION = YES;
				CLANG_WARN__DUPLICATE_METHOD_MATCH = YES;
				"CODE_SIGN_IDENTITY[sdk=iphoneos*]" = "iPhone Developer";
				COPY_PHASE_STRIP = YES;
				GCC_C_LANGUAGE_STANDARD = gnu99;
				GCC_WARN_ABOUT_RETURN_TYPE = YES;
				GCC_WARN_UNINITIALIZED_AUTOS = YES;
				GCC_WARN_UNUSED_VARIABLE = YES;
				IPHONEOS_DEPLOYMENT_TARGET = 6.1;
				OTHER_CFLAGS = "-DNS_BLOCK_ASSERTIONS=1";
				SDKROOT = iphoneos;
				VALIDATE_PRODUCT = YES;
			};
			name = Release;
		};
		99BD91E4170606BC0032CC51 /* Debug */ = {
			isa = XCBuildConfiguration;
			buildSettings = {
				GCC_PRECOMPILE_PREFIX_HEADER = YES;
				GCC_PREFIX_HEADER = "COMP2601iPhoneAssignment3/COMP2601iPhoneAssignment3-Prefix.pch";
				INFOPLIST_FILE = "COMP2601iPhoneAssignment3/COMP2601iPhoneAssignment3-Info.plist";
				PRODUCT_NAME = "$(TARGET_NAME)";
				WRAPPER_EXTENSION = app;
			};
			name = Debug;
		};
		99BD91E5170606BC0032CC51 /* Release */ = {
			isa = XCBuildConfiguration;
			buildSettings = {
				GCC_PRECOMPILE_PREFIX_HEADER = YES;
				GCC_PREFIX_HEADER = "COMP2601iPhoneAssignment3/COMP2601iPhoneAssignment3-Prefix.pch";
				INFOPLIST_FILE = "COMP2601iPhoneAssignment3/COMP2601iPhoneAssignment3-Info.plist";
				PRODUCT_NAME = "$(TARGET_NAME)";
				WRAPPER_EXTENSION = app;
			};
			name = Release;
		};
		99BD91E7170606BC0032CC51 /* Debug */ = {
			isa = XCBuildConfiguration;
			buildSettings = {
				BUNDLE_LOADER = "$(BUILT_PRODUCTS_DIR)/COMP2601iPhoneAssignment3.app/COMP2601iPhoneAssignment3";
				FRAMEWORK_SEARCH_PATHS = (
					"\"$(SDKROOT)/Developer/Library/Frameworks\"",
					"\"$(DEVELOPER_LIBRARY_DIR)/Frameworks\"",
				);
				GCC_PRECOMPILE_PREFIX_HEADER = YES;
				GCC_PREFIX_HEADER = "COMP2601iPhoneAssignment3/COMP2601iPhoneAssignment3-Prefix.pch";
				INFOPLIST_FILE = "COMP2601iPhoneAssignment3Tests/COMP2601iPhoneAssignment3Tests-Info.plist";
				PRODUCT_NAME = "$(TARGET_NAME)";
				TEST_HOST = "$(BUNDLE_LOADER)";
				WRAPPER_EXTENSION = octest;
			};
			name = Debug;
		};
		99BD91E8170606BC0032CC51 /* Release */ = {
			isa = XCBuildConfiguration;
			buildSettings = {
				BUNDLE_LOADER = "$(BUILT_PRODUCTS_DIR)/COMP2601iPhoneAssignment3.app/COMP2601iPhoneAssignment3";
				FRAMEWORK_SEARCH_PATHS = (
					"\"$(SDKROOT)/Developer/Library/Frameworks\"",
					"\"$(DEVELOPER_LIBRARY_DIR)/Frameworks\"",
				);
				GCC_PRECOMPILE_PREFIX_HEADER = YES;
				GCC_PREFIX_HEADER = "COMP2601iPhoneAssignment3/COMP2601iPhoneAssignment3-Prefix.pch";
				INFOPLIST_FILE = "COMP2601iPhoneAssignment3Tests/COMP2601iPhoneAssignment3Tests-Info.plist";
				PRODUCT_NAME = "$(TARGET_NAME)";
				TEST_HOST = "$(BUNDLE_LOADER)";
				WRAPPER_EXTENSION = octest;
			};
			name = Release;
		};
/* End XCBuildConfiguration section */

/* Begin XCConfigurationList section */
		99BD91A3170606BC0032CC51 /* Build configuration list for PBXProject "COMP2601iPhoneAssignment3" */ = {
			isa = XCConfigurationList;
			buildConfigurations = (
				99BD91E1170606BC0032CC51 /* Debug */,
				99BD91E2170606BC0032CC51 /* Release */,
			);
			defaultConfigurationIsVisible = 0;
			defaultConfigurationName = Release;
		};
		99BD91E3170606BC0032CC51 /* Build configuration list for PBXNativeTarget "COMP2601iPhoneAssignment3" */ = {
			isa = XCConfigurationList;
			buildConfigurations = (
				99BD91E4170606BC0032CC51 /* Debug */,
				99BD91E5170606BC0032CC51 /* Release */,
			);
			defaultConfigurationIsVisible = 0;
			defaultConfigurationName = Release;
		};
		99BD91E6170606BC0032CC51 /* Build configuration list for PBXNativeTarget "COMP2601iPhoneAssignment3Tests" */ = {
			isa = XCConfigurationList;
			buildConfigurations = (
				99BD91E7170606BC0032CC51 /* Debug */,
				99BD91E8170606BC0032CC51 /* Release */,
			);
			defaultConfigurationIsVisible = 0;
			defaultConfigurationName = Release;
		};
/* End XCConfigurationList section */
	};
	rootObject = 99BD91A0170606BC0032CC51 /* Project object */;
}
